// !$*UTF8*$!
{
	archiveVersion = 1;
	classes = {
	};
	objectVersion = 56;
	objects = {

/* Begin PBXBuildFile section */
		27153F922B6CDE43004331A8 /* AppDelegate.swift in Sources */ = {isa = PBXBuildFile; fileRef = 27153F912B6CDE43004331A8 /* AppDelegate.swift */; };
		27153F942B6CDE43004331A8 /* SceneDelegate.swift in Sources */ = {isa = PBXBuildFile; fileRef = 27153F932B6CDE43004331A8 /* SceneDelegate.swift */; };
		27153F992B6CDE43004331A8 /* Main.storyboard in Resources */ = {isa = PBXBuildFile; fileRef = 27153F972B6CDE43004331A8 /* Main.storyboard */; };
		27153F9B2B6CDE45004331A8 /* Assets.xcassets in Resources */ = {isa = PBXBuildFile; fileRef = 27153F9A2B6CDE45004331A8 /* Assets.xcassets */; };
		27153F9E2B6CDE45004331A8 /* LaunchScreen.storyboard in Resources */ = {isa = PBXBuildFile; fileRef = 27153F9C2B6CDE45004331A8 /* LaunchScreen.storyboard */; };
		27153FA62B6CDFB4004331A8 /* HomeViewController.swift in Sources */ = {isa = PBXBuildFile; fileRef = 27153FA52B6CDFB4004331A8 /* HomeViewController.swift */; };
		27153FA82B6CE01D004331A8 /* SubscriptionViewController.swift in Sources */ = {isa = PBXBuildFile; fileRef = 27153FA72B6CE01D004331A8 /* SubscriptionViewController.swift */; };
		27153FAA2B6CE056004331A8 /* ReferralViewController.swift in Sources */ = {isa = PBXBuildFile; fileRef = 27153FA92B6CE056004331A8 /* ReferralViewController.swift */; };
		27153FAC2B6CE095004331A8 /* SettingsViewController.swift in Sources */ = {isa = PBXBuildFile; fileRef = 27153FAB2B6CE095004331A8 /* SettingsViewController.swift */; };
		27153FAE2B6CE160004331A8 /* MockService.swift in Sources */ = {isa = PBXBuildFile; fileRef = 27153FAD2B6CE160004331A8 /* MockService.swift */; };
		27153FB02B6CE20A004331A8 /* UIViewController+Extensions.swift in Sources */ = {isa = PBXBuildFile; fileRef = 27153FAF2B6CE20A004331A8 /* UIViewController+Extensions.swift */; };
		27153FB22B6CE376004331A8 /* VPNManager.swift in Sources */ = {isa = PBXBuildFile; fileRef = 27153FB12B6CE376004331A8 /* VPNManager.swift */; };
		27153FB62B6CE745004331A8 /* LoginViewController.swift in Sources */ = {isa = PBXBuildFile; fileRef = 27153FB52B6CE745004331A8 /* LoginViewController.swift */; };
/* End PBXBuildFile section */

/* Begin PBXFileReference section */
		27153F8E2B6CDE43004331A8 /* vpnproject.app */ = {isa = PBXFileReference; explicitFileType = wrapper.application; includeInIndex = 0; path = vpnproject.app; sourceTree = BUILT_PRODUCTS_DIR; };
		27153F912B6CDE43004331A8 /* AppDelegate.swift */ = {isa = PBXFileReference; lastKnownFileType = sourcecode.swift; path = AppDelegate.swift; sourceTree = "<group>"; };
		27153F932B6CDE43004331A8 /* SceneDelegate.swift */ = {isa = PBXFileReference; lastKnownFileType = sourcecode.swift; path = SceneDelegate.swift; sourceTree = "<group>"; };
		27153F982B6CDE43004331A8 /* Base */ = {isa = PBXFileReference; lastKnownFileType = file.storyboard; name = Base; path = Base.lproj/Main.storyboard; sourceTree = "<group>"; };
		27153F9A2B6CDE45004331A8 /* Assets.xcassets */ = {isa = PBXFileReference; lastKnownFileType = folder.assetcatalog; path = Assets.xcassets; sourceTree = "<group>"; };
		27153F9D2B6CDE45004331A8 /* Base */ = {isa = PBXFileReference; lastKnownFileType = file.storyboard; name = Base; path = Base.lproj/LaunchScreen.storyboard; sourceTree = "<group>"; };
		27153F9F2B6CDE45004331A8 /* Info.plist */ = {isa = PBXFileReference; lastKnownFileType = text.plist.xml; path = Info.plist; sourceTree = "<group>"; };
		27153FA52B6CDFB4004331A8 /* HomeViewController.swift */ = {isa = PBXFileReference; lastKnownFileType = sourcecode.swift; path = HomeViewController.swift; sourceTree = "<group>"; };
		27153FA72B6CE01D004331A8 /* SubscriptionViewController.swift */ = {isa = PBXFileReference; lastKnownFileType = sourcecode.swift; path = SubscriptionViewController.swift; sourceTree = "<group>"; };
		27153FA92B6CE056004331A8 /* ReferralViewController.swift */ = {isa = PBXFileReference; lastKnownFileType = sourcecode.swift; path = ReferralViewController.swift; sourceTree = "<group>"; };
		27153FAB2B6CE095004331A8 /* SettingsViewController.swift */ = {isa = PBXFileReference; lastKnownFileType = sourcecode.swift; path = SettingsViewController.swift; sourceTree = "<group>"; };
		27153FAD2B6CE160004331A8 /* MockService.swift */ = {isa = PBXFileReference; lastKnownFileType = sourcecode.swift; path = MockService.swift; sourceTree = "<group>"; };
		27153FAF2B6CE20A004331A8 /* UIViewController+Extensions.swift */ = {isa = PBXFileReference; lastKnownFileType = sourcecode.swift; path = "UIViewController+Extensions.swift"; sourceTree = "<group>"; };
		27153FB12B6CE376004331A8 /* VPNManager.swift */ = {isa = PBXFileReference; lastKnownFileType = sourcecode.swift; path = VPNManager.swift; sourceTree = "<group>"; };
		27153FB52B6CE745004331A8 /* LoginViewController.swift */ = {isa = PBXFileReference; lastKnownFileType = sourcecode.swift; path = LoginViewController.swift; sourceTree = "<group>"; };
/* End PBXFileReference section */

/* Begin PBXFrameworksBuildPhase section */
		27153F8B2B6CDE43004331A8 /* Frameworks */ = {
			isa = PBXFrameworksBuildPhase;
			buildActionMask = 2147483647;
			files = (
			);
			runOnlyForDeploymentPostprocessing = 0;
		};
/* End PBXFrameworksBuildPhase section */

/* Begin PBXGroup section */
		27153F852B6CDE43004331A8 = {
			isa = PBXGroup;
			children = (
				27153F902B6CDE43004331A8 /* vpnproject */,
				27153F8F2B6CDE43004331A8 /* Products */,
			);
			sourceTree = "<group>";
		};
		27153F8F2B6CDE43004331A8 /* Products */ = {
			isa = PBXGroup;
			children = (
				27153F8E2B6CDE43004331A8 /* vpnproject.app */,
			);
			name = Products;
			sourceTree = "<group>";
		};
		27153F902B6CDE43004331A8 /* vpnproject */ = {
			isa = PBXGroup;
			children = (
				27153F912B6CDE43004331A8 /* AppDelegate.swift */,
				27153F932B6CDE43004331A8 /* SceneDelegate.swift */,
				27153FB12B6CE376004331A8 /* VPNManager.swift */,
				27153FB52B6CE745004331A8 /* LoginViewController.swift */,
				27153FA52B6CDFB4004331A8 /* HomeViewController.swift */,
				27153FA72B6CE01D004331A8 /* SubscriptionViewController.swift */,
				27153FA92B6CE056004331A8 /* ReferralViewController.swift */,
				27153FAB2B6CE095004331A8 /* SettingsViewController.swift */,
				27153FAF2B6CE20A004331A8 /* UIViewController+Extensions.swift */,
				27153FAD2B6CE160004331A8 /* MockService.swift */,
				27153F972B6CDE43004331A8 /* Main.storyboard */,
				27153F9A2B6CDE45004331A8 /* Assets.xcassets */,
				27153F9C2B6CDE45004331A8 /* LaunchScreen.storyboard */,
				27153F9F2B6CDE45004331A8 /* Info.plist */,
			);
			path = vpnproject;
			sourceTree = "<group>";
		};
/* End PBXGroup section */

/* Begin PBXNativeTarget section */
		27153F8D2B6CDE43004331A8 /* vpnproject */ = {
			isa = PBXNativeTarget;
			buildConfigurationList = 27153FA22B6CDE45004331A8 /* Build configuration list for PBXNativeTarget "vpnproject" */;
			buildPhases = (
				27153F8A2B6CDE43004331A8 /* Sources */,
				27153F8B2B6CDE43004331A8 /* Frameworks */,
				27153F8C2B6CDE43004331A8 /* Resources */,
			);
			buildRules = (
			);
			dependencies = (
			);
			name = vpnproject;
			productName = vpnproject;
			productReference = 27153F8E2B6CDE43004331A8 /* vpnproject.app */;
			productType = "com.apple.product-type.application";
		};
/* End PBXNativeTarget section */

/* Begin PBXProject section */
		27153F862B6CDE43004331A8 /* Project object */ = {
			isa = PBXProject;
			attributes = {
				BuildIndependentTargetsInParallel = 1;
				LastSwiftUpdateCheck = 1420;
				LastUpgradeCheck = 1420;
				TargetAttributes = {
					27153F8D2B6CDE43004331A8 = {
						CreatedOnToolsVersion = 14.2;
					};
				};
			};
			buildConfigurationList = 27153F892B6CDE43004331A8 /* Build configuration list for PBXProject "vpnproject" */;
			compatibilityVersion = "Xcode 14.0";
			developmentRegion = en;
			hasScannedForEncodings = 0;
			knownRegions = (
				en,
				Base,
			);
			mainGroup = 27153F852B6CDE43004331A8;
			productRefGroup = 27153F8F2B6CDE43004331A8 /* Products */;
			projectDirPath = "";
			projectRoot = "";
			targets = (
				27153F8D2B6CDE43004331A8 /* vpnproject */,
			);
		};
/* End PBXProject section */

/* Begin PBXResourcesBuildPhase section */
		27153F8C2B6CDE43004331A8 /* Resources */ = {
			isa = PBXResourcesBuildPhase;
			buildActionMask = 2147483647;
			files = (
				27153F9E2B6CDE45004331A8 /* LaunchScreen.storyboard in Resources */,
				27153F9B2B6CDE45004331A8 /* Assets.xcassets in Resources */,
				27153F992B6CDE43004331A8 /* Main.storyboard in Resources */,
			);
			runOnlyForDeploymentPostprocessing = 0;
		};
/* End PBXResourcesBuildPhase section */

/* Begin PBXSourcesBuildPhase section */
		27153F8A2B6CDE43004331A8 /* Sources */ = {
			isa = PBXSourcesBuildPhase;
			buildActionMask = 2147483647;
			files = (
				27153FAA2B6CE056004331A8 /* ReferralViewController.swift in Sources */,
				27153FB22B6CE376004331A8 /* VPNManager.swift in Sources */,
				27153FAC2B6CE095004331A8 /* SettingsViewController.swift in Sources */,
				27153FA82B6CE01D004331A8 /* SubscriptionViewController.swift in Sources */,
				27153FB02B6CE20A004331A8 /* UIViewController+Extensions.swift in Sources */,
				27153F922B6CDE43004331A8 /* AppDelegate.swift in Sources */,
				27153F942B6CDE43004331A8 /* SceneDelegate.swift in Sources */,
				27153FA62B6CDFB4004331A8 /* HomeViewController.swift in Sources */,
				27153FB62B6CE745004331A8 /* LoginViewController.swift in Sources */,
				27153FAE2B6CE160004331A8 /* MockService.swift in Sources */,
			);
			runOnlyForDeploymentPostprocessing = 0;
		};
/* End PBXSourcesBuildPhase section */

/* Begin PBXVariantGroup section */
		27153F972B6CDE43004331A8 /* Main.storyboard */ = {
			isa = PBXVariantGroup;
			children = (
				27153F982B6CDE43004331A8 /* Base */,
			);
			name = Main.storyboard;
			sourceTree = "<group>";
		};
		27153F9C2B6CDE45004331A8 /* LaunchScreen.storyboard */ = {
			isa = PBXVariantGroup;
			children = (
				27153F9D2B6CDE45004331A8 /* Base */,
			);
			name = LaunchScreen.storyboard;
			sourceTree = "<group>";
		};
/* End PBXVariantGroup section */

/* Begin XCBuildConfiguration section */
		27153FA02B6CDE45004331A8 /* Debug */ = {
			isa = XCBuildConfiguration;
			buildSettings = {
				ALWAYS_SEARCH_USER_PATHS = NO;
				CLANG_ANALYZER_NONNULL = YES;
				CLANG_ANALYZER_NUMBER_OBJECT_CONVERSION = YES_AGGRESSIVE;
				CLANG_CXX_LANGUAGE_STANDARD = "gnu++20";
				CLANG_ENABLE_MODULES = YES;
				CLANG_ENABLE_OBJC_ARC = YES;
				CLANG_ENABLE_OBJC_WEAK = YES;
				CLANG_WARN_BLOCK_CAPTURE_AUTORELEASING = YES;
				CLANG_WARN_BOOL_CONVERSION = YES;
				CLANG_WARN_COMMA = YES;
				CLANG_WARN_CONSTANT_CONVERSION = YES;
				CLANG_WARN_DEPRECATED_OBJC_IMPLEMENTATIONS = YES;
				CLANG_WARN_DIRECT_OBJC_ISA_USAGE = YES_ERROR;
				CLANG_WARN_DOCUMENTATION_COMMENTS = YES;
				CLANG_WARN_EMPTY_BODY = YES;
				CLANG_WARN_ENUM_CONVERSION = YES;
				CLANG_WARN_INFINITE_RECURSION = YES;
				CLANG_WARN_INT_CONVERSION = YES;
				CLANG_WARN_NON_LITERAL_NULL_CONVERSION = YES;
				CLANG_WARN_OBJC_IMPLICIT_RETAIN_SELF = YES;
				CLANG_WARN_OBJC_LITERAL_CONVERSION = YES;
				CLANG_WARN_OBJC_ROOT_CLASS = YES_ERROR;
				CLANG_WARN_QUOTED_INCLUDE_IN_FRAMEWORK_HEADER = YES;
				CLANG_WARN_RANGE_LOOP_ANALYSIS = YES;
				CLANG_WARN_STRICT_PROTOTYPES = YES;
				CLANG_WARN_SUSPICIOUS_MOVE = YES;
				CLANG_WARN_UNGUARDED_AVAILABILITY = YES_AGGRESSIVE;
				CLANG_WARN_UNREACHABLE_CODE = YES;
				CLANG_WARN__DUPLICATE_METHOD_MATCH = YES;
				COPY_PHASE_STRIP = NO;
				DEBUG_INFORMATION_FORMAT = dwarf;
				ENABLE_STRICT_OBJC_MSGSEND = YES;
				ENABLE_TESTABILITY = YES;
				GCC_C_LANGUAGE_STANDARD = gnu11;
				GCC_DYNAMIC_NO_PIC = NO;
				GCC_NO_COMMON_BLOCKS = YES;
				GCC_OPTIMIZATION_LEVEL = 0;
				GCC_PREPROCESSOR_DEFINITIONS = (
					"DEBUG=1",
					"$(inherited)",
				);
				GCC_WARN_64_TO_32_BIT_CONVERSION = YES;
				GCC_WARN_ABOUT_RETURN_TYPE = YES_ERROR;
				GCC_WARN_UNDECLARED_SELECTOR = YES;
				GCC_WARN_UNINITIALIZED_AUTOS = YES_AGGRESSIVE;
				GCC_WARN_UNUSED_FUNCTION = YES;
				GCC_WARN_UNUSED_VARIABLE = YES;
				IPHONEOS_DEPLOYMENT_TARGET = 16.2;
				MTL_ENABLE_DEBUG_INFO = INCLUDE_SOURCE;
				MTL_FAST_MATH = YES;
				ONLY_ACTIVE_ARCH = YES;
				SDKROOT = iphoneos;
				SWIFT_ACTIVE_COMPILATION_CONDITIONS = DEBUG;
				SWIFT_OPTIMIZATION_LEVEL = "-Onone";
			};
			name = Debug;
		};
		27153FA12B6CDE45004331A8 /* Release */ = {
			isa = XCBuildConfiguration;
			buildSettings = {
				ALWAYS_SEARCH_USER_PATHS = NO;
				CLANG_ANALYZER_NONNULL = YES;
				CLANG_ANALYZER_NUMBER_OBJECT_CONVERSION = YES_AGGRESSIVE;
				CLANG_CXX_LANGUAGE_STANDARD = "gnu++20";
				CLANG_ENABLE_MODULES = YES;
				CLANG_ENABLE_OBJC_ARC = YES;
				CLANG_ENABLE_OBJC_WEAK = YES;
				CLANG_WARN_BLOCK_CAPTURE_AUTORELEASING = YES;
				CLANG_WARN_BOOL_CONVERSION = YES;
				CLANG_WARN_COMMA = YES;
				CLANG_WARN_CONSTANT_CONVERSION = YES;
				CLANG_WARN_DEPRECATED_OBJC_IMPLEMENTATIONS = YES;
				CLANG_WARN_DIRECT_OBJC_ISA_USAGE = YES_ERROR;
				CLANG_WARN_DOCUMENTATION_COMMENTS = YES;
				CLANG_WARN_EMPTY_BODY = YES;
				CLANG_WARN_ENUM_CONVERSION = YES;
				CLANG_WARN_INFINITE_RECURSION = YES;
				CLANG_WARN_INT_CONVERSION = YES;
				CLANG_WARN_NON_LITERAL_NULL_CONVERSION = YES;
				CLANG_WARN_OBJC_IMPLICIT_RETAIN_SELF = YES;
				CLANG_WARN_OBJC_LITERAL_CONVERSION = YES;
				CLANG_WARN_OBJC_ROOT_CLASS = YES_ERROR;
				CLANG_WARN_QUOTED_INCLUDE_IN_FRAMEWORK_HEADER = YES;
				CLANG_WARN_RANGE_LOOP_ANALYSIS = YES;
				CLANG_WARN_STRICT_PROTOTYPES = YES;
				CLANG_WARN_SUSPICIOUS_MOVE = YES;
				CLANG_WARN_UNGUARDED_AVAILABILITY = YES_AGGRESSIVE;
				CLANG_WARN_UNREACHABLE_CODE = YES;
				CLANG_WARN__DUPLICATE_METHOD_MATCH = YES;
				COPY_PHASE_STRIP = NO;
				DEBUG_INFORMATION_FORMAT = "dwarf-with-dsym";
				ENABLE_NS_ASSERTIONS = NO;
				ENABLE_STRICT_OBJC_MSGSEND = YES;
				GCC_C_LANGUAGE_STANDARD = gnu11;
				GCC_NO_COMMON_BLOCKS = YES;
				GCC_WARN_64_TO_32_BIT_CONVERSION = YES;
				GCC_WARN_ABOUT_RETURN_TYPE = YES_ERROR;
				GCC_WARN_UNDECLARED_SELECTOR = YES;
				GCC_WARN_UNINITIALIZED_AUTOS = YES_AGGRESSIVE;
				GCC_WARN_UNUSED_FUNCTION = YES;
				GCC_WARN_UNUSED_VARIABLE = YES;
				IPHONEOS_DEPLOYMENT_TARGET = 16.2;
				MTL_ENABLE_DEBUG_INFO = NO;
				MTL_FAST_MATH = YES;
				SDKROOT = iphoneos;
				SWIFT_COMPILATION_MODE = wholemodule;
				SWIFT_OPTIMIZATION_LEVEL = "-O";
				VALIDATE_PRODUCT = YES;
			};
			name = Release;
		};
		27153FA32B6CDE45004331A8 /* Debug */ = {
			isa = XCBuildConfiguration;
			buildSettings = {
				ASSETCATALOG_COMPILER_APPICON_NAME = AppIcon;
				ASSETCATALOG_COMPILER_GLOBAL_ACCENT_COLOR_NAME = AccentColor;
				CODE_SIGN_STYLE = Automatic;
				CURRENT_PROJECT_VERSION = 1;
				DEVELOPMENT_TEAM = 5XU4KM63X7;
				GENERATE_INFOPLIST_FILE = YES;
				INFOPLIST_FILE = vpnproject/Info.plist;
				INFOPLIST_KEY_UIApplicationSupportsIndirectInputEvents = YES;
				INFOPLIST_KEY_UILaunchStoryboardName = LaunchScreen;
				INFOPLIST_KEY_UIMainStoryboardFile = Main;
				INFOPLIST_KEY_UISupportedInterfaceOrientations_iPad = "UIInterfaceOrientationPortrait UIInterfaceOrientationPortraitUpsideDown UIInterfaceOrientationLandscapeLeft UIInterfaceOrientationLandscapeRight";
				INFOPLIST_KEY_UISupportedInterfaceOrientations_iPhone = "UIInterfaceOrientationPortrait UIInterfaceOrientationLandscapeLeft UIInterfaceOrientationLandscapeRight";
				IPHONEOS_DEPLOYMENT_TARGET = 14.0;
				LD_RUNPATH_SEARCH_PATHS = (
					"$(inherited)",
					"@executable_path/Frameworks",
				);
				MARKETING_VERSION = 1.0;
				PRODUCT_BUNDLE_IDENTIFIER = ru.vadimrn.vpnproject;
				PRODUCT_NAME = "$(TARGET_NAME)";
				SUPPORTED_PLATFORMS = "iphoneos iphonesimulator";
				SUPPORTS_MACCATALYST = NO;
				SUPPORTS_MAC_DESIGNED_FOR_IPHONE_IPAD = NO;
				SWIFT_EMIT_LOC_STRINGS = YES;
				SWIFT_VERSION = 5.0;
				TARGETED_DEVICE_FAMILY = "1,2";
			};
			name = Debug;
		};
		27153FA42B6CDE45004331A8 /* Release */ = {
			isa = XCBuildConfiguration;
			buildSettings = {
				ASSETCATALOG_COMPILER_APPICON_NAME = AppIcon;
				ASSETCATALOG_COMPILER_GLOBAL_ACCENT_COLOR_NAME = AccentColor;
				CODE_SIGN_STYLE = Automatic;
				CURRENT_PROJECT_VERSION = 1;
				DEVELOPMENT_TEAM = 5XU4KM63X7;
				GENERATE_INFOPLIST_FILE = YES;
				INFOPLIST_FILE = vpnproject/Info.plist;
				INFOPLIST_KEY_UIApplicationSupportsIndirectInputEvents = YES;
				INFOPLIST_KEY_UILaunchStoryboardName = LaunchScreen;
				INFOPLIST_KEY_UIMainStoryboardFile = Main;
				INFOPLIST_KEY_UISupportedInterfaceOrientations_iPad = "UIInterfaceOrientationPortrait UIInterfaceOrientationPortraitUpsideDown UIInterfaceOrientationLandscapeLeft UIInterfaceOrientationLandscapeRight";
				INFOPLIST_KEY_UISupportedInterfaceOrientations_iPhone = "UIInterfaceOrientationPortrait UIInterfaceOrientationLandscapeLeft UIInterfaceOrientationLandscapeRight";
				IPHONEOS_DEPLOYMENT_TARGET = 14.0;
				LD_RUNPATH_SEARCH_PATHS = (
					"$(inherited)",
					"@executable_path/Frameworks",
				);
				MARKETING_VERSION = 1.0;
				PRODUCT_BUNDLE_IDENTIFIER = ru.vadimrn.vpnproject;
				PRODUCT_NAME = "$(TARGET_NAME)";
				SUPPORTED_PLATFORMS = "iphoneos iphonesimulator";
				SUPPORTS_MACCATALYST = NO;
				SUPPORTS_MAC_DESIGNED_FOR_IPHONE_IPAD = NO;
				SWIFT_EMIT_LOC_STRINGS = YES;
				SWIFT_VERSION = 5.0;
				TARGETED_DEVICE_FAMILY = "1,2";
			};
			name = Release;
		};
/* End XCBuildConfiguration section */

/* Begin XCConfigurationList section */
		27153F892B6CDE43004331A8 /* Build configuration list for PBXProject "vpnproject" */ = {
			isa = XCConfigurationList;
			buildConfigurations = (
				27153FA02B6CDE45004331A8 /* Debug */,
				27153FA12B6CDE45004331A8 /* Release */,
			);
			defaultConfigurationIsVisible = 0;
			defaultConfigurationName = Release;
		};
		27153FA22B6CDE45004331A8 /* Build configuration list for PBXNativeTarget "vpnproject" */ = {
			isa = XCConfigurationList;
			buildConfigurations = (
				27153FA32B6CDE45004331A8 /* Debug */,
				27153FA42B6CDE45004331A8 /* Release */,
			);
			defaultConfigurationIsVisible = 0;
			defaultConfigurationName = Release;
		};
/* End XCConfigurationList section */
	};
	rootObject = 27153F862B6CDE43004331A8 /* Project object */;
}
